
Microsoft Visual Studio Solution File, Format Version 12.00
# Visual Studio Version 17
VisualStudioVersion = 17.0.31903.59
MinimumVisualStudioVersion = 10.0.40219.1
Project("{FAE04EC0-301F-11D3-BF4B-00C04F79EFBC}") = "RichBox Kontrola", "RichBox Kontrola.csproj", "{AF518317-116D-479F-B701-80C335787315}"
EndProject
Global
	GlobalSection(SolutionConfigurationPlatforms) = preSolution
		Debug|Any CPU = Debug|Any CPU
		Release|Any CPU = Release|Any CPU
	EndGlobalSection
	GlobalSection(ProjectConfigurationPlatforms) = postSolution
		{AF518317-116D-479F-B701-80C335787315}.Debug|Any CPU.ActiveCfg = Debug|Any CPU
		{AF518317-116D-479F-B701-80C335787315}.Debug|Any CPU.Build.0 = Debug|Any CPU
		{AF518317-116D-479F-B701-80C335787315}.Release|Any CPU.ActiveCfg = Release|Any CPU
		{AF518317-116D-479F-B701-80C335787315}.Release|Any CPU.Build.0 = Release|Any CPU
	EndGlobalSection
	GlobalSection(SolutionProperties) = preSolution
		HideSolutionNode = FALSE
	EndGlobalSection
	GlobalSection(ExtensibilityGlobals) = postSolution
		SolutionGuid = {B53373E9-E016-4363-B87F-86CDCA2863B7}
	EndGlobalSection
EndGlobal
